
Microsoft Visual Studio Solution File, Format Version 12.00
# Visual Studio Version 17
VisualStudioVersion = 17.13.35931.197 d17.13
MinimumVisualStudioVersion = 10.0.40219.1
Project("{FAE04EC0-301F-11D3-BF4B-00C04F79EFBC}") = "VelopackTest", "VelopackTest\VelopackTest.csproj", "{705FD0F1-3A17-43BB-A2BD-FF1E4B2510CB}"
EndProject
Global
	GlobalSection(SolutionConfigurationPlatforms) = preSolution
		Debug|Any CPU = Debug|Any CPU
		Release|Any CPU = Release|Any CPU
	EndGlobalSection
	GlobalSection(ProjectConfigurationPlatforms) = postSolution
		{705FD0F1-3A17-43BB-A2BD-FF1E4B2510CB}.Debug|Any CPU.ActiveCfg = Debug|Any CPU
		{705FD0F1-3A17-43BB-A2BD-FF1E4B2510CB}.Debug|Any CPU.Build.0 = Debug|Any CPU
		{705FD0F1-3A17-43BB-A2BD-FF1E4B2510CB}.Release|Any CPU.ActiveCfg = Release|Any CPU
		{705FD0F1-3A17-43BB-A2BD-FF1E4B2510CB}.Release|Any CPU.Build.0 = Release|Any CPU
	EndGlobalSection
	GlobalSection(SolutionProperties) = preSolution
		HideSolutionNode = FALSE
	EndGlobalSection
	GlobalSection(ExtensibilityGlobals) = postSolution
		SolutionGuid = {0E714586-A424-4249-A1E8-CE2768C5B1AA}
	EndGlobalSection
EndGlobal
